
Microsoft Visual Studio Solution File, Format Version 12.00
# Visual Studio Version 17
VisualStudioVersion = 17.8.34408.163
MinimumVisualStudioVersion = 10.0.40219.1
Project("{FAE04EC0-301F-11D3-BF4B-00C04F79EFBC}") = "TestBlazorWebProject", "TestBlazorWebProject\TestBlazorWebProject.csproj", "{6FDF6A00-890B-43F5-BAE9-3ECD725DBD65}"
EndProject
Global
	GlobalSection(SolutionConfigurationPlatforms) = preSolution
		Debug|Any CPU = Debug|Any CPU
		Release|Any CPU = Release|Any CPU
	EndGlobalSection
	GlobalSection(ProjectConfigurationPlatforms) = postSolution
		{6FDF6A00-890B-43F5-BAE9-3ECD725DBD65}.Debug|Any CPU.ActiveCfg = Debug|Any CPU
		{6FDF6A00-890B-43F5-BAE9-3ECD725DBD65}.Debug|Any CPU.Build.0 = Debug|Any CPU
		{6FDF6A00-890B-43F5-BAE9-3ECD725DBD65}.Release|Any CPU.ActiveCfg = Release|Any CPU
		{6FDF6A00-890B-43F5-BAE9-3ECD725DBD65}.Release|Any CPU.Build.0 = Release|Any CPU
	EndGlobalSection
	GlobalSection(SolutionProperties) = preSolution
		HideSolutionNode = FALSE
	EndGlobalSection
	GlobalSection(ExtensibilityGlobals) = postSolution
		SolutionGuid = {178B63FD-5509-4632-A16D-34E826A9A44A}
	EndGlobalSection
EndGlobal
